<?xml version="1.0" encoding="UTF-8"?>
<CONFIG>
  <ProjectOptions>
    <Version Value="11"/>
    <General>
      <SessionStorage Value="InProjectDir"/>
      <MainUnit Value="0"/>
      <Title Value="pretty_baby"/>
      <ResourceType Value="res"/>
      <UseXPManifest Value="True"/>
      <Icon Value="0"/>
    </General>
    <i18n>
      <EnableI18N LFM="False"/>
    </i18n>
    <BuildModes Count="3">
      <Item1 Name="Default" Default="True"/>
      <Item2 Name="Debug">
        <CompilerOptions>
          <Version Value="11"/>
          <Target>
            <Filename Value="pretty_baby"/>
          </Target>
          <SearchPaths>
            <IncludeFiles Value="$(ProjOutDir)"/>
            <Libraries Value="/usr/lib/x86_64-linux-gnu/;/dev_t/grab/bgrabitmap-9.9.3/bgrabitmap/lib/x86_64-linux/3.0.4/;/dev_t/grab/lazarus-thumbviewer/lib/x86_64-linux/"/>
            <UnitOutputDirectory Value="lib/$(TargetCPU)-$(TargetOS)"/>
            <SrcPath Value="/dev_t/grab/lazarus-thumbviewer/"/>
          </SearchPaths>
          <Parsing>
            <SyntaxOptions>
              <IncludeAssertionCode Value="True"/>
            </SyntaxOptions>
          </Parsing>
          <CodeGeneration>
            <Checks>
              <IOChecks Value="True"/>
              <RangeChecks Value="True"/>
              <OverflowChecks Value="True"/>
              <StackChecks Value="True"/>
            </Checks>
            <VerifyObjMethodCallValidity Value="True"/>
          </CodeGeneration>
          <Linking>
            <Debugging>
              <DebugInfoType Value="dsDwarf2Set"/>
              <UseHeaptrc Value="True"/>
              <TrashVariables Value="True"/>
              <UseExternalDbgSyms Value="True"/>
            </Debugging>
            <LinkSmart Value="True"/>
          </Linking>
          <Other>
            <Verbosity>
              <ShoLineNum Value="True"/>
              <ShowAll Value="True"/>
              <ShowCond Value="True"/>
              <ShowExecInfo Value="True"/>
            </Verbosity>
            <CustomOptions Value="-va"/>
          </Other>
        </CompilerOptions>
      </Item2>
      <Item3 Name="Release">
        <CompilerOptions>
          <Version Value="11"/>
          <Target>
            <Filename Value="pretty_baby"/>
          </Target>
          <SearchPaths>
            <IncludeFiles Value="$(ProjOutDir)"/>
            <Libraries Value="/dev_t/grab/bgrabitmap-9.9.3/bgrabitmap/lib/x86_64-linux/3.0.4/;/dev_t/grab/lazarus-thumbviewer/lib/x86_64-linux/"/>
            <UnitOutputDirectory Value="lib/$(TargetCPU)-$(TargetOS)"/>
            <SrcPath Value="/dev_t/grab/lazarus-thumbviewer/"/>
          </SearchPaths>
          <CodeGeneration>
            <SmartLinkUnit Value="True"/>
            <Optimizations>
              <OptimizationLevel Value="3"/>
            </Optimizations>
          </CodeGeneration>
          <Linking>
            <Debugging>
              <GenerateDebugInfo Value="False"/>
            </Debugging>
            <LinkSmart Value="True"/>
            <Options>
              <Win32>
                <GraphicApplication Value="True"/>
              </Win32>
            </Options>
          </Linking>
        </CompilerOptions>
      </Item3>
    </BuildModes>
    <PublishOptions>
      <Version Value="2"/>
    </PublishOptions>
    <RunParams>
      <FormatVersion Value="2"/>
      <Modes Count="1">
        <Mode0 Name="default"/>
      </Modes>
    </RunParams>
    <RequiredPackages Count="5">
      <Item1>
        <PackageName Value="FCL"/>
      </Item1>
      <Item2>
        <PackageName Value="uEControls"/>
      </Item2>
      <Item3>
        <PackageName Value="BGRABitmapPack"/>
      </Item3>
      <Item4>
        <PackageName Value="thumbctrl"/>
      </Item4>
      <Item5>
        <PackageName Value="LCL"/>
      </Item5>
    </RequiredPackages>
    <Units Count="10">
      <Unit0>
        <Filename Value="pretty_baby.lpr"/>
        <IsPartOfProject Value="True"/>
      </Unit0>
      <Unit1>
        <Filename Value="pretty_baby_main.pas"/>
        <IsPartOfProject Value="True"/>
        <ComponentName Value="frm_pretty_baby_main"/>
        <HasResources Value="True"/>
        <ResourceBaseClass Value="Form"/>
      </Unit1>
      <Unit2>
        <Filename Value="pretty_baby_basket.pas"/>
        <IsPartOfProject Value="True"/>
        <ComponentName Value="baby_basket"/>
        <HasResources Value="True"/>
        <ResourceBaseClass Value="Form"/>
      </Unit2>
      <Unit3>
        <Filename Value="pretty_baby_image.pas"/>
        <IsPartOfProject Value="True"/>
        <ComponentName Value="pretty_image_frm"/>
        <HasResources Value="True"/>
        <ResourceBaseClass Value="Form"/>
      </Unit3>
      <Unit4>
        <Filename Value="pretty_baby_image_list.pas"/>
        <IsPartOfProject Value="True"/>
        <ComponentName Value="frm_image_list"/>
        <HasResources Value="True"/>
        <ResourceBaseClass Value="Form"/>
      </Unit4>
      <Unit5>
        <Filename Value="pretty_progress.pas"/>
        <IsPartOfProject Value="True"/>
        <ComponentName Value="pretty_status"/>
        <HasResources Value="True"/>
        <ResourceBaseClass Value="Form"/>
      </Unit5>
      <Unit6>
        <Filename Value="pretty_splash_screen.pas"/>
        <IsPartOfProject Value="True"/>
        <ComponentName Value="pretty_splash"/>
        <HasResources Value="True"/>
        <ResourceBaseClass Value="Form"/>
      </Unit6>
      <Unit7>
        <Filename Value="pretty_baby_image_manip.pas"/>
        <IsPartOfProject Value="True"/>
        <ComponentName Value="frm_manip"/>
        <HasResources Value="True"/>
        <ResourceBaseClass Value="Form"/>
      </Unit7>
      <Unit8>
        <Filename Value="pretty_baby_db.pas"/>
        <IsPartOfProject Value="True"/>
        <ComponentName Value="frm_pretty_baby_db"/>
        <HasResources Value="True"/>
        <ResourceBaseClass Value="Form"/>
      </Unit8>
      <Unit9>
        <Filename Value="pretty_baby_gif.pas"/>
        <IsPartOfProject Value="True"/>
        <ComponentName Value="frm_pretty_baby_gif"/>
        <HasResources Value="True"/>
        <ResourceBaseClass Value="Form"/>
      </Unit9>
    </Units>
  </ProjectOptions>
  <CompilerOptions>
    <Version Value="11"/>
    <Target>
      <Filename Value="pretty_baby"/>
    </Target>
    <SearchPaths>
      <IncludeFiles Value="$(ProjOutDir)"/>
      <Libraries Value="/dev_t/grab/bgrabitmap-9.9.3/bgrabitmap/lib/x86_64-linux/3.0.4/;/dev_t/grab/lazarus-thumbviewer/lib/x86_64-linux/"/>
      <UnitOutputDirectory Value="lib/$(TargetCPU)-$(TargetOS)"/>
      <SrcPath Value="/dev_t/grab/lazarus-thumbviewer/"/>
    </SearchPaths>
    <Linking>
      <Options>
        <Win32>
          <GraphicApplication Value="True"/>
        </Win32>
      </Options>
    </Linking>
  </CompilerOptions>
  <Debugging>
    <Exceptions Count="6">
      <Item1>
        <Name Value="EAbort"/>
      </Item1>
      <Item2>
        <Name Value="ECodetoolError"/>
      </Item2>
      <Item3>
        <Name Value="EFOpenError"/>
      </Item3>
      <Item4>
        <Name Value="EInvalidGraphic"/>
      </Item4>
      <Item5>
        <Name Value="EListError"/>
      </Item5>
      <Item6>
        <Name Value="FPImageException"/>
        <Enabled Value="False"/>
      </Item6>
    </Exceptions>
  </Debugging>
</CONFIG>
